# THIS IS AN AUTOGENERATED FILE. DO NOT EDIT THIS FILE DIRECTLY.
# yarn lockfile v1


"@types/node@*":
  version "13.9.1"
  resolved "https://registry.yarnpkg.com/@types/node/-/node-13.9.1.tgz#96f606f8cd67fb018847d9b61e93997dabdefc72"
  integrity sha512-E6M6N0blf/jiZx8Q3nb0vNaswQeEyn0XlupO+xN6DtJ6r6IT4nXrTry7zhIfYvFCl3/8Cu6WIysmUBKiqV0bqQ==

buffer-from@^1.0.0:
  version "1.1.1"
  resolved "https://registry.yarnpkg.com/buffer-from/-/buffer-from-1.1.1.tgz#32713bc028f75c02fdb710d7c7bcec1f2c6070ef"
  integrity sha512-MQcXEUbCKtEo7bhqEs6560Hyd4XaovZlO/k9V3hjVUF/zwW7KBVdSK4gIt/bzwS9MbR5qob+F5jusZsb0YQK2A==

colorette@*:
  version "1.1.0"
  resolved "https://registry.yarnpkg.com/colorette/-/colorette-1.1.0.tgz#1f943e5a357fac10b4e0f5aaef3b14cdc1af6ec7"
  integrity sha512-6S062WDQUXi6hOfkO/sBPVwE5ASXY4G2+b4atvhJfSsuUUhIaUKlkjLe9692Ipyt5/a+IPF5aVTu3V5gvXq5cg==

mam@*:
  version "1.10.11"
  resolved "https://registry.yarnpkg.com/mam/-/mam-1.10.11.tgz#f47f1e56cffa8dadd37a7490120f511a88eb7d88"
  integrity sha512-WfWuMYKNEdR797HAkMqlDIoSfMEdKzItgOFLIVWxWOf4vNm+FoN3GDPAYYPlURttnrKcBuxO+LTJoTb9+iOzwQ==
  dependencies:
    colorette "*"
    source-map-support "*"

source-map-support@*:
  version "0.5.16"
  resolved "https://registry.yarnpkg.com/source-map-support/-/source-map-support-0.5.16.tgz#0ae069e7fe3ba7538c64c98515e35339eac5a042"
  integrity sha512-efyLRJDr68D9hBBNIPWFjhpFzURh+KJykQwvMyW5UiZzYwoF6l4YMMDIJJEyFWxWCqfyxLzz6tSfUFR+kXXsVQ==
  dependencies:
    buffer-from "^1.0.0"
    source-map "^0.6.0"

source-map@^0.6.0:
  version "0.6.1"
  resolved "https://registry.yarnpkg.com/source-map/-/source-map-0.6.1.tgz#74722af32e9614e9c287a8d0bbde48b5e2f1a263"
  integrity sha512-UjgapumWlbMhkBgzT7Ykc5YXUT46F0iKu8SGXq0bcwP5dz/h0Plj6enJqjz1Zbq2l5WaqYnrVbwWOWMyF3F47g==
